{
  "requires": true,
  "lockfileVersion": 1,
  "dependencies": {
    "@fullcalendar/daygrid": {
      "version": "4.0.1",
      "resolved": "https://registry.npmjs.org/@fullcalendar/daygrid/-/daygrid-4.0.1.tgz",
      "integrity": "sha512-nKFFKgTm5eijOukD6pjsQSLlsBoMrKuHXc00zaHaMWSeJndGHxtseR8oeHOnclNNScMKLXLNZthzEduSqqyuRw=="
    },
    "@fullcalendar/timegrid": {
      "version": "4.0.1",
      "resolved": "https://registry.npmjs.org/@fullcalendar/timegrid/-/timegrid-4.0.1.tgz",
      "integrity": "sha512-gCtQ+xjVY5K3TV8o05KuAE9pCizoRIk/pCOueSkkQG8eSOFud34/LMB9OOQKb/yOQcMHx9UXEpup+xodEJC5ow==",
      "requires": {
        "@fullcalendar/daygrid": "^4.0.1"
      }
    }
  }
}
